
Microsoft Visual Studio Solution File, Format Version 12.00
# Visual Studio 15
VisualStudioVersion = 15.0.27703.2035
MinimumVisualStudioVersion = 10.0.40219.1
Project("{FAE04EC0-301F-11D3-BF4B-00C04F79EFBC}") = "CriptoChat", "CriptoChat.csproj", "{463B9F1D-14C0-4018-8B94-38B63444499E}"
EndProject
Global
	GlobalSection(SolutionConfigurationPlatforms) = preSolution
		Debug|Any CPU = Debug|Any CPU
		Release|Any CPU = Release|Any CPU
	EndGlobalSection
	GlobalSection(ProjectConfigurationPlatforms) = postSolution
		{463B9F1D-14C0-4018-8B94-38B63444499E}.Debug|Any CPU.ActiveCfg = Debug|Any CPU
		{463B9F1D-14C0-4018-8B94-38B63444499E}.Debug|Any CPU.Build.0 = Debug|Any CPU
		{463B9F1D-14C0-4018-8B94-38B63444499E}.Release|Any CPU.ActiveCfg = Release|Any CPU
		{463B9F1D-14C0-4018-8B94-38B63444499E}.Release|Any CPU.Build.0 = Release|Any CPU
	EndGlobalSection
	GlobalSection(SolutionProperties) = preSolution
		HideSolutionNode = FALSE
	EndGlobalSection
	GlobalSection(ExtensibilityGlobals) = postSolution
		SolutionGuid = {453130DB-C74C-4713-B508-7B114C513261}
	EndGlobalSection
EndGlobal
